
Microsoft Visual Studio Solution File, Format Version 12.00
# Visual Studio Version 16
VisualStudioVersion = 16.0.30523.141
MinimumVisualStudioVersion = 10.0.40219.1
Project("{9A19103F-16F7-4668-BE54-9A1E7A4F7556}") = "EmployeesCore.Models", "Employees.Models\EmployeesCore.Models.csproj", "{B44C4DB9-9FFB-49BE-8DA0-2805D3C6F28C}"
EndProject
Project("{9A19103F-16F7-4668-BE54-9A1E7A4F7556}") = "EmployeesCore.Services", "Employees.Services\EmployeesCore.Services.csproj", "{972AD7C9-7BAE-426F-8543-4A6D249852FF}"
EndProject
Project("{9A19103F-16F7-4668-BE54-9A1E7A4F7556}") = "EmployeesGeneral", "EmployeesGeneral\EmployeesGeneral.csproj", "{8BD4580D-5ECD-4450-87EB-ED3B38D63608}"
EndProject
Global
	GlobalSection(SolutionConfigurationPlatforms) = preSolution
		Debug|Any CPU = Debug|Any CPU
		Release|Any CPU = Release|Any CPU
	EndGlobalSection
	GlobalSection(ProjectConfigurationPlatforms) = postSolution
		{B44C4DB9-9FFB-49BE-8DA0-2805D3C6F28C}.Debug|Any CPU.ActiveCfg = Debug|Any CPU
		{B44C4DB9-9FFB-49BE-8DA0-2805D3C6F28C}.Debug|Any CPU.Build.0 = Debug|Any CPU
		{B44C4DB9-9FFB-49BE-8DA0-2805D3C6F28C}.Release|Any CPU.ActiveCfg = Release|Any CPU
		{B44C4DB9-9FFB-49BE-8DA0-2805D3C6F28C}.Release|Any CPU.Build.0 = Release|Any CPU
		{972AD7C9-7BAE-426F-8543-4A6D249852FF}.Debug|Any CPU.ActiveCfg = Debug|Any CPU
		{972AD7C9-7BAE-426F-8543-4A6D249852FF}.Debug|Any CPU.Build.0 = Debug|Any CPU
		{972AD7C9-7BAE-426F-8543-4A6D249852FF}.Release|Any CPU.ActiveCfg = Release|Any CPU
		{972AD7C9-7BAE-426F-8543-4A6D249852FF}.Release|Any CPU.Build.0 = Release|Any CPU
		{8BD4580D-5ECD-4450-87EB-ED3B38D63608}.Debug|Any CPU.ActiveCfg = Debug|Any CPU
		{8BD4580D-5ECD-4450-87EB-ED3B38D63608}.Debug|Any CPU.Build.0 = Debug|Any CPU
		{8BD4580D-5ECD-4450-87EB-ED3B38D63608}.Release|Any CPU.ActiveCfg = Release|Any CPU
		{8BD4580D-5ECD-4450-87EB-ED3B38D63608}.Release|Any CPU.Build.0 = Release|Any CPU
	EndGlobalSection
	GlobalSection(SolutionProperties) = preSolution
		HideSolutionNode = FALSE
	EndGlobalSection
	GlobalSection(ExtensibilityGlobals) = postSolution
		SolutionGuid = {F5FA29C3-9F6E-4BD3-B3B8-3CB389C498E2}
	EndGlobalSection
EndGlobal
